
Microsoft Visual Studio Solution File, Format Version 12.00
# Visual Studio 15
VisualStudioVersion = 15.0.27703.2026
MinimumVisualStudioVersion = 10.0.40219.1
Project("{FAE04EC0-301F-11D3-BF4B-00C04F79EFBC}") = "Battleship", "Battleship.Business\Battleship.csproj", "{9AAF00B8-59C0-42AB-9CAF-D646B0D27987}"
EndProject
Project("{FAE04EC0-301F-11D3-BF4B-00C04F79EFBC}") = "BattleShip.Test", "BattleShip.Test\BattleShip.Test.csproj", "{A83A8F28-AD3B-4A66-A7A4-B286CE1979E7}"
EndProject
Global
	GlobalSection(SolutionConfigurationPlatforms) = preSolution
		Debug|Any CPU = Debug|Any CPU
		Release|Any CPU = Release|Any CPU
	EndGlobalSection
	GlobalSection(ProjectConfigurationPlatforms) = postSolution
		{9AAF00B8-59C0-42AB-9CAF-D646B0D27987}.Debug|Any CPU.ActiveCfg = Debug|Any CPU
		{9AAF00B8-59C0-42AB-9CAF-D646B0D27987}.Debug|Any CPU.Build.0 = Debug|Any CPU
		{9AAF00B8-59C0-42AB-9CAF-D646B0D27987}.Release|Any CPU.ActiveCfg = Release|Any CPU
		{9AAF00B8-59C0-42AB-9CAF-D646B0D27987}.Release|Any CPU.Build.0 = Release|Any CPU
		{A83A8F28-AD3B-4A66-A7A4-B286CE1979E7}.Debug|Any CPU.ActiveCfg = Debug|Any CPU
		{A83A8F28-AD3B-4A66-A7A4-B286CE1979E7}.Debug|Any CPU.Build.0 = Debug|Any CPU
		{A83A8F28-AD3B-4A66-A7A4-B286CE1979E7}.Release|Any CPU.ActiveCfg = Release|Any CPU
		{A83A8F28-AD3B-4A66-A7A4-B286CE1979E7}.Release|Any CPU.Build.0 = Release|Any CPU
	EndGlobalSection
	GlobalSection(SolutionProperties) = preSolution
		HideSolutionNode = FALSE
	EndGlobalSection
	GlobalSection(ExtensibilityGlobals) = postSolution
		SolutionGuid = {8586DD95-76B4-403C-8BDF-C869DF34ECB8}
	EndGlobalSection
EndGlobal
